# THIS IS AN AUTOGENERATED FILE. DO NOT EDIT THIS FILE DIRECTLY.
# yarn lockfile v1


argparse@^1.0.7:
  version "1.0.9"
  resolved "https://registry.yarnpkg.com/argparse/-/argparse-1.0.9.tgz#73d83bc263f86e97f8cc4f6bae1b0e90a7d22c86"
  dependencies:
    sprintf-js "~1.0.2"

array-unique@^0.3.2:
  version "0.3.2"
  resolved "https://registry.yarnpkg.com/array-unique/-/array-unique-0.3.2.tgz#a894b75d4bc4f6cd679ef3244a9fd8f46ae2d428"

atoa@1.0.0:
  version "1.0.0"
  resolved "https://registry.yarnpkg.com/atoa/-/atoa-1.0.0.tgz#0cc0e91a480e738f923ebc103676471779b34a49"

bluebird@^3.5.0:
  version "3.5.0"
  resolved "https://registry.yarnpkg.com/bluebird/-/bluebird-3.5.0.tgz#791420d7f551eea2897453a8a77653f96606d67c"

chunk@0.0.2:
  version "0.0.2"
  resolved "https://registry.yarnpkg.com/chunk/-/chunk-0.0.2.tgz#04aa4f31664ae850de500cf8d57b5f4c29cd522e"

config@^1.25.1:
  version "1.26.2"
  resolved "https://registry.yarnpkg.com/config/-/config-1.26.2.tgz#2466291168d8afae0aae8ab99ea4d4272f520cae"
  dependencies:
    json5 "0.4.0"
    os-homedir "1.0.2"

contra@^1.9.4:
  version "1.9.4"
  resolved "https://registry.yarnpkg.com/contra/-/contra-1.9.4.tgz#f53bde42d7e5b5985cae4d99a8d610526de8f28d"
  dependencies:
    atoa "1.0.0"
    ticky "1.0.1"

debug@^3.0.0:
  version "3.0.1"
  resolved "https://registry.yarnpkg.com/debug/-/debug-3.0.1.tgz#0564c612b521dc92d9f2988f0549e34f9c98db64"
  dependencies:
    ms "2.0.0"

encoding@^0.1.11:
  version "0.1.12"
  resolved "https://registry.yarnpkg.com/encoding/-/encoding-0.1.12.tgz#538b66f3ee62cd1ab51ec323829d1f9480c74beb"
  dependencies:
    iconv-lite "~0.4.13"

esprima@^4.0.0:
  version "4.0.0"
  resolved "https://registry.yarnpkg.com/esprima/-/esprima-4.0.0.tgz#4499eddcd1110e0b218bacf2fa7f7f59f55ca804"

fast-clone@^1.4.2:
  version "1.4.2"
  resolved "https://registry.yarnpkg.com/fast-clone/-/fast-clone-1.4.2.tgz#2c067ec46b616f671aaac79feda7b99b893681e3"

fast-get@^1.0.1:
  version "1.0.2"
  resolved "https://registry.yarnpkg.com/fast-get/-/fast-get-1.0.2.tgz#30f0475b074b410c57759862aa770f663ed262e8"

flat@^4.0.0:
  version "4.0.0"
  resolved "https://registry.yarnpkg.com/flat/-/flat-4.0.0.tgz#3abc7f3b588e64ce77dc42fd59aa35806622fea8"
  dependencies:
    is-buffer "~1.1.5"

gw2api-client@^5.3.0:
  version "5.6.5"
  resolved "https://registry.yarnpkg.com/gw2api-client/-/gw2api-client-5.6.5.tgz#c380f1fb33b30747ca9deb678a5f94d03686f26c"
  dependencies:
    array-unique "^0.3.2"
    chunk "0.0.2"
    debug "^3.0.0"
    fast-clone "^1.4.2"
    fast-get "^1.0.1"
    flat "^4.0.0"
    lets-fetch "^2.0.0"
    promise-control-flow "^1.2.3"
    rusha "^0.8.5"
    url-parse "^1.1.3"

iconv-lite@~0.4.13:
  version "0.4.18"
  resolved "https://registry.yarnpkg.com/iconv-lite/-/iconv-lite-0.4.18.tgz#23d8656b16aae6742ac29732ea8f0336a4789cf2"

is-buffer@~1.1.5:
  version "1.1.5"
  resolved "https://registry.yarnpkg.com/is-buffer/-/is-buffer-1.1.5.tgz#1f3b26ef613b214b88cbca23cc6c01d87961eecc"

is-function@^1.0.1:
  version "1.0.1"
  resolved "https://registry.yarnpkg.com/is-function/-/is-function-1.0.1.tgz#12cfb98b65b57dd3d193a3121f5f6e2f437602b5"

is-stream@^1.0.1:
  version "1.1.0"
  resolved "https://registry.yarnpkg.com/is-stream/-/is-stream-1.1.0.tgz#12d4a3dd4e68e0b79ceb8dbc84173ae80d91ca44"

isomorphic-fetch@^2.2.1:
  version "2.2.1"
  resolved "https://registry.yarnpkg.com/isomorphic-fetch/-/isomorphic-fetch-2.2.1.tgz#611ae1acf14f5e81f729507472819fe9733558a9"
  dependencies:
    node-fetch "^1.0.1"
    whatwg-fetch ">=0.10.0"

js-yaml@^3.8.3:
  version "3.9.1"
  resolved "https://registry.yarnpkg.com/js-yaml/-/js-yaml-3.9.1.tgz#08775cebdfdd359209f0d2acd383c8f86a6904a0"
  dependencies:
    argparse "^1.0.7"
    esprima "^4.0.0"

json5@0.4.0:
  version "0.4.0"
  resolved "https://registry.yarnpkg.com/json5/-/json5-0.4.0.tgz#054352e4c4c80c86c0923877d449de176a732c8d"

lets-fetch@^2.0.0:
  version "2.1.0"
  resolved "https://registry.yarnpkg.com/lets-fetch/-/lets-fetch-2.1.0.tgz#838b66d7e08bef2f524d01fbc837ef12812b7b3e"
  dependencies:
    isomorphic-fetch "^2.2.1"
    promise-control-flow "^1.2.3"

ms@2.0.0:
  version "2.0.0"
  resolved "https://registry.yarnpkg.com/ms/-/ms-2.0.0.tgz#5608aeadfc00be6c2901df5f9861788de0d597c8"

node-fetch@^1.0.1:
  version "1.7.2"
  resolved "https://registry.yarnpkg.com/node-fetch/-/node-fetch-1.7.2.tgz#c54e9aac57e432875233525f3c891c4159ffefd7"
  dependencies:
    encoding "^0.1.11"
    is-stream "^1.0.1"

os-homedir@1.0.2:
  version "1.0.2"
  resolved "https://registry.yarnpkg.com/os-homedir/-/os-homedir-1.0.2.tgz#ffbc4988336e0e833de0c168c7ef152121aa7fb3"

promise-control-flow@^1.2.3:
  version "1.2.4"
  resolved "https://registry.yarnpkg.com/promise-control-flow/-/promise-control-flow-1.2.4.tgz#ba51447b0b6cee0135b647c75229951750dcdd41"
  dependencies:
    contra "^1.9.4"
    is-function "^1.0.1"

querystringify@^2.1.1:
  version "2.2.0"
  resolved "https://registry.yarnpkg.com/querystringify/-/querystringify-2.2.0.tgz#3345941b4153cb9d082d8eee4cda2016a9aef7f6"

requires-port@^1.0.0:
  version "1.0.0"
  resolved "https://registry.yarnpkg.com/requires-port/-/requires-port-1.0.0.tgz#925d2601d39ac485e091cf0da5c6e694dc3dcaff"

rusha@^0.8.5:
  version "0.8.6"
  resolved "https://registry.yarnpkg.com/rusha/-/rusha-0.8.6.tgz#b264ddaa4d49a1d67300061858ba9358c4adca14"

sprintf-js@~1.0.2:
  version "1.0.3"
  resolved "https://registry.yarnpkg.com/sprintf-js/-/sprintf-js-1.0.3.tgz#04e6926f662895354f3dd015203633b857297e2c"

ticky@1.0.1:
  version "1.0.1"
  resolved "https://registry.yarnpkg.com/ticky/-/ticky-1.0.1.tgz#b7cfa71e768f1c9000c497b9151b30947c50e46d"

url-parse@^1.1.3:
  version "1.5.10"
  resolved "https://registry.yarnpkg.com/url-parse/-/url-parse-1.5.10.tgz#9d3c2f736c1d75dd3bd2be507dcc111f1e2ea9c1"
  dependencies:
    querystringify "^2.1.1"
    requires-port "^1.0.0"

whatwg-fetch@>=0.10.0:
  version "2.0.3"
  resolved "https://registry.yarnpkg.com/whatwg-fetch/-/whatwg-fetch-2.0.3.tgz#9c84ec2dcf68187ff00bc64e1274b442176e1c84"
